
Microsoft Visual Studio Solution File, Format Version 12.00
# Visual Studio 15
VisualStudioVersion = 15.0.26124.0
MinimumVisualStudioVersion = 15.0.26124.0
Project("{FAE04EC0-301F-11D3-BF4B-00C04F79EFBC}") = "PinkPoint.ClimbingRoutes", "PinkPoint.ClimbingRoutes\PinkPoint.ClimbingRoutes.csproj", "{C0640538-4D3E-427D-B1B7-4B1D2FCA2198}"
EndProject
Project("{E53339B2-1760-4266-BCC7-CA923CBCF16C}") = "docker-compose", "docker-compose.dcproj", "{5ED2B002-AD7D-471E-9E83-27CF39063905}"
EndProject
Project("{FAE04EC0-301F-11D3-BF4B-00C04F79EFBC}") = "PinkPoint.ApiGateway", "PinkPoint.ApiGateway\PinkPoint.ApiGateway.csproj", "{3553FA34-E823-4377-9B2B-3A07FF8B4237}"
EndProject
Project("{FAE04EC0-301F-11D3-BF4B-00C04F79EFBC}") = "PinkPoint.ImageRecognition", "PinkPoint.ImageRecognition\PinkPoint.ImageRecognition.csproj", "{2DE0CBC1-777D-48D9-AB26-4C8CC0F12790}"
EndProject
Project("{FAE04EC0-301F-11D3-BF4B-00C04F79EFBC}") = "PinkPoint.IdentityProvider", "PinkPoint.IdentityProvider\PinkPoint.IdentityProvider.csproj", "{6A143AD1-1FB1-4970-B38E-1EBE7DB5D506}"
EndProject
Project("{FAE04EC0-301F-11D3-BF4B-00C04F79EFBC}") = "PinkPoint.Cockpit", "PinkPoint.Cockpit\PinkPoint.Cockpit.csproj", "{0DE68CC0-6542-4AA5-ABA5-2732ACA0D865}"
EndProject
Global
	GlobalSection(SolutionConfigurationPlatforms) = preSolution
		Debug|Any CPU = Debug|Any CPU
		Debug|x64 = Debug|x64
		Debug|x86 = Debug|x86
		Release|Any CPU = Release|Any CPU
		Release|x64 = Release|x64
		Release|x86 = Release|x86
	EndGlobalSection
	GlobalSection(SolutionProperties) = preSolution
		HideSolutionNode = FALSE
	EndGlobalSection
	GlobalSection(ProjectConfigurationPlatforms) = postSolution
		{C0640538-4D3E-427D-B1B7-4B1D2FCA2198}.Debug|Any CPU.ActiveCfg = Debug|Any CPU
		{C0640538-4D3E-427D-B1B7-4B1D2FCA2198}.Debug|Any CPU.Build.0 = Debug|Any CPU
		{C0640538-4D3E-427D-B1B7-4B1D2FCA2198}.Debug|x64.ActiveCfg = Debug|Any CPU
		{C0640538-4D3E-427D-B1B7-4B1D2FCA2198}.Debug|x64.Build.0 = Debug|Any CPU
		{C0640538-4D3E-427D-B1B7-4B1D2FCA2198}.Debug|x86.ActiveCfg = Debug|Any CPU
		{C0640538-4D3E-427D-B1B7-4B1D2FCA2198}.Debug|x86.Build.0 = Debug|Any CPU
		{C0640538-4D3E-427D-B1B7-4B1D2FCA2198}.Release|Any CPU.ActiveCfg = Release|Any CPU
		{C0640538-4D3E-427D-B1B7-4B1D2FCA2198}.Release|Any CPU.Build.0 = Release|Any CPU
		{C0640538-4D3E-427D-B1B7-4B1D2FCA2198}.Release|x64.ActiveCfg = Release|Any CPU
		{C0640538-4D3E-427D-B1B7-4B1D2FCA2198}.Release|x64.Build.0 = Release|Any CPU
		{C0640538-4D3E-427D-B1B7-4B1D2FCA2198}.Release|x86.ActiveCfg = Release|Any CPU
		{C0640538-4D3E-427D-B1B7-4B1D2FCA2198}.Release|x86.Build.0 = Release|Any CPU
		{5ED2B002-AD7D-471E-9E83-27CF39063905}.Debug|Any CPU.ActiveCfg = Debug|Any CPU
		{5ED2B002-AD7D-471E-9E83-27CF39063905}.Debug|Any CPU.Build.0 = Debug|Any CPU
		{5ED2B002-AD7D-471E-9E83-27CF39063905}.Debug|x64.ActiveCfg = Debug|Any CPU
		{5ED2B002-AD7D-471E-9E83-27CF39063905}.Debug|x64.Build.0 = Debug|Any CPU
		{5ED2B002-AD7D-471E-9E83-27CF39063905}.Debug|x86.ActiveCfg = Debug|Any CPU
		{5ED2B002-AD7D-471E-9E83-27CF39063905}.Debug|x86.Build.0 = Debug|Any CPU
		{5ED2B002-AD7D-471E-9E83-27CF39063905}.Release|Any CPU.ActiveCfg = Release|Any CPU
		{5ED2B002-AD7D-471E-9E83-27CF39063905}.Release|Any CPU.Build.0 = Release|Any CPU
		{5ED2B002-AD7D-471E-9E83-27CF39063905}.Release|x64.ActiveCfg = Release|Any CPU
		{5ED2B002-AD7D-471E-9E83-27CF39063905}.Release|x64.Build.0 = Release|Any CPU
		{5ED2B002-AD7D-471E-9E83-27CF39063905}.Release|x86.ActiveCfg = Release|Any CPU
		{5ED2B002-AD7D-471E-9E83-27CF39063905}.Release|x86.Build.0 = Release|Any CPU
		{3553FA34-E823-4377-9B2B-3A07FF8B4237}.Debug|Any CPU.ActiveCfg = Debug|Any CPU
		{3553FA34-E823-4377-9B2B-3A07FF8B4237}.Debug|Any CPU.Build.0 = Debug|Any CPU
		{3553FA34-E823-4377-9B2B-3A07FF8B4237}.Debug|x64.ActiveCfg = Debug|Any CPU
		{3553FA34-E823-4377-9B2B-3A07FF8B4237}.Debug|x64.Build.0 = Debug|Any CPU
		{3553FA34-E823-4377-9B2B-3A07FF8B4237}.Debug|x86.ActiveCfg = Debug|Any CPU
		{3553FA34-E823-4377-9B2B-3A07FF8B4237}.Debug|x86.Build.0 = Debug|Any CPU
		{3553FA34-E823-4377-9B2B-3A07FF8B4237}.Release|Any CPU.ActiveCfg = Release|Any CPU
		{3553FA34-E823-4377-9B2B-3A07FF8B4237}.Release|Any CPU.Build.0 = Release|Any CPU
		{3553FA34-E823-4377-9B2B-3A07FF8B4237}.Release|x64.ActiveCfg = Release|Any CPU
		{3553FA34-E823-4377-9B2B-3A07FF8B4237}.Release|x64.Build.0 = Release|Any CPU
		{3553FA34-E823-4377-9B2B-3A07FF8B4237}.Release|x86.ActiveCfg = Release|Any CPU
		{3553FA34-E823-4377-9B2B-3A07FF8B4237}.Release|x86.Build.0 = Release|Any CPU
		{2DE0CBC1-777D-48D9-AB26-4C8CC0F12790}.Debug|Any CPU.ActiveCfg = Debug|Any CPU
		{2DE0CBC1-777D-48D9-AB26-4C8CC0F12790}.Debug|Any CPU.Build.0 = Debug|Any CPU
		{2DE0CBC1-777D-48D9-AB26-4C8CC0F12790}.Debug|x64.ActiveCfg = Debug|Any CPU
		{2DE0CBC1-777D-48D9-AB26-4C8CC0F12790}.Debug|x64.Build.0 = Debug|Any CPU
		{2DE0CBC1-777D-48D9-AB26-4C8CC0F12790}.Debug|x86.ActiveCfg = Debug|Any CPU
		{2DE0CBC1-777D-48D9-AB26-4C8CC0F12790}.Debug|x86.Build.0 = Debug|Any CPU
		{2DE0CBC1-777D-48D9-AB26-4C8CC0F12790}.Release|Any CPU.ActiveCfg = Release|Any CPU
		{2DE0CBC1-777D-48D9-AB26-4C8CC0F12790}.Release|Any CPU.Build.0 = Release|Any CPU
		{2DE0CBC1-777D-48D9-AB26-4C8CC0F12790}.Release|x64.ActiveCfg = Release|Any CPU
		{2DE0CBC1-777D-48D9-AB26-4C8CC0F12790}.Release|x64.Build.0 = Release|Any CPU
		{2DE0CBC1-777D-48D9-AB26-4C8CC0F12790}.Release|x86.ActiveCfg = Release|Any CPU
		{2DE0CBC1-777D-48D9-AB26-4C8CC0F12790}.Release|x86.Build.0 = Release|Any CPU
		{6A143AD1-1FB1-4970-B38E-1EBE7DB5D506}.Debug|Any CPU.ActiveCfg = Debug|Any CPU
		{6A143AD1-1FB1-4970-B38E-1EBE7DB5D506}.Debug|Any CPU.Build.0 = Debug|Any CPU
		{6A143AD1-1FB1-4970-B38E-1EBE7DB5D506}.Debug|x64.ActiveCfg = Debug|Any CPU
		{6A143AD1-1FB1-4970-B38E-1EBE7DB5D506}.Debug|x64.Build.0 = Debug|Any CPU
		{6A143AD1-1FB1-4970-B38E-1EBE7DB5D506}.Debug|x86.ActiveCfg = Debug|Any CPU
		{6A143AD1-1FB1-4970-B38E-1EBE7DB5D506}.Debug|x86.Build.0 = Debug|Any CPU
		{6A143AD1-1FB1-4970-B38E-1EBE7DB5D506}.Release|Any CPU.ActiveCfg = Release|Any CPU
		{6A143AD1-1FB1-4970-B38E-1EBE7DB5D506}.Release|Any CPU.Build.0 = Release|Any CPU
		{6A143AD1-1FB1-4970-B38E-1EBE7DB5D506}.Release|x64.ActiveCfg = Release|Any CPU
		{6A143AD1-1FB1-4970-B38E-1EBE7DB5D506}.Release|x64.Build.0 = Release|Any CPU
		{6A143AD1-1FB1-4970-B38E-1EBE7DB5D506}.Release|x86.ActiveCfg = Release|Any CPU
		{6A143AD1-1FB1-4970-B38E-1EBE7DB5D506}.Release|x86.Build.0 = Release|Any CPU
		{0DE68CC0-6542-4AA5-ABA5-2732ACA0D865}.Debug|Any CPU.ActiveCfg = Debug|Any CPU
		{0DE68CC0-6542-4AA5-ABA5-2732ACA0D865}.Debug|Any CPU.Build.0 = Debug|Any CPU
		{0DE68CC0-6542-4AA5-ABA5-2732ACA0D865}.Debug|x64.ActiveCfg = Debug|Any CPU
		{0DE68CC0-6542-4AA5-ABA5-2732ACA0D865}.Debug|x64.Build.0 = Debug|Any CPU
		{0DE68CC0-6542-4AA5-ABA5-2732ACA0D865}.Debug|x86.ActiveCfg = Debug|Any CPU
		{0DE68CC0-6542-4AA5-ABA5-2732ACA0D865}.Debug|x86.Build.0 = Debug|Any CPU
		{0DE68CC0-6542-4AA5-ABA5-2732ACA0D865}.Release|Any CPU.ActiveCfg = Release|Any CPU
		{0DE68CC0-6542-4AA5-ABA5-2732ACA0D865}.Release|Any CPU.Build.0 = Release|Any CPU
		{0DE68CC0-6542-4AA5-ABA5-2732ACA0D865}.Release|x64.ActiveCfg = Release|Any CPU
		{0DE68CC0-6542-4AA5-ABA5-2732ACA0D865}.Release|x64.Build.0 = Release|Any CPU
		{0DE68CC0-6542-4AA5-ABA5-2732ACA0D865}.Release|x86.ActiveCfg = Release|Any CPU
		{0DE68CC0-6542-4AA5-ABA5-2732ACA0D865}.Release|x86.Build.0 = Release|Any CPU
	EndGlobalSection
	GlobalSection(MonoDevelopProperties) = preSolution
		Policies = $0
		$0.TextStylePolicy = $1
		$1.inheritsSet = null
		$1.scope = text/x-csharp
		$0.CSharpFormattingPolicy = $2
		$2.scope = text/x-csharp
		$0.TextStylePolicy = $3
		$3.FileWidth = 80
		$3.TabsToSpaces = True
		$3.scope = text/plain
		$3.NoTabsAfterNonTabs = True
		$0.StandardHeader = $4
		$0.TextStylePolicy = $5
		$5.FileWidth = 80
		$5.TabWidth = 2
		$5.TabsToSpaces = True
		$5.IndentWidth = 2
		$5.NoTabsAfterNonTabs = True
		$5.scope = text/x-json
		$0.JSONFormattingPolicy = $6
		$6.AutoStructureCompletion = True
		$6.BracePositions = SemiExpanded
		$6.FormatOnPaste = True
		$6.scope = text/x-json
		$0.TextStylePolicy = $7
		$7.inheritsSet = null
		$7.scope = text/x-web
		$0.TextStylePolicy = $8
		$8.inheritsSet = null
		$8.scope = text/x-vs
	EndGlobalSection
EndGlobal
