
Microsoft Visual Studio Solution File, Format Version 12.00
# Visual Studio 15
VisualStudioVersion = 15.0.26124.0
MinimumVisualStudioVersion = 15.0.26124.0
Project("{FAE04EC0-301F-11D3-BF4B-00C04F79EFBC}") = "PinkPoint.ClimbingRoutes", "PinkPoint.ClimbingRoutes\PinkPoint.ClimbingRoutes.csproj", "{C0640538-4D3E-427D-B1B7-4B1D2FCA2198}"
EndProject
Project("{E53339B2-1760-4266-BCC7-CA923CBCF16C}") = "docker-compose", "docker-compose.dcproj", "{5ED2B002-AD7D-471E-9E83-27CF39063905}"
EndProject
Global
	GlobalSection(SolutionConfigurationPlatforms) = preSolution
		Debug|Any CPU = Debug|Any CPU
		Debug|x64 = Debug|x64
		Debug|x86 = Debug|x86
		Release|Any CPU = Release|Any CPU
		Release|x64 = Release|x64
		Release|x86 = Release|x86
	EndGlobalSection
	GlobalSection(SolutionProperties) = preSolution
		HideSolutionNode = FALSE
	EndGlobalSection
	GlobalSection(ProjectConfigurationPlatforms) = postSolution
		{C0640538-4D3E-427D-B1B7-4B1D2FCA2198}.Debug|Any CPU.ActiveCfg = Debug|Any CPU
		{C0640538-4D3E-427D-B1B7-4B1D2FCA2198}.Debug|Any CPU.Build.0 = Debug|Any CPU
		{C0640538-4D3E-427D-B1B7-4B1D2FCA2198}.Debug|x64.ActiveCfg = Debug|Any CPU
		{C0640538-4D3E-427D-B1B7-4B1D2FCA2198}.Debug|x64.Build.0 = Debug|Any CPU
		{C0640538-4D3E-427D-B1B7-4B1D2FCA2198}.Debug|x86.ActiveCfg = Debug|Any CPU
		{C0640538-4D3E-427D-B1B7-4B1D2FCA2198}.Debug|x86.Build.0 = Debug|Any CPU
		{C0640538-4D3E-427D-B1B7-4B1D2FCA2198}.Release|Any CPU.ActiveCfg = Release|Any CPU
		{C0640538-4D3E-427D-B1B7-4B1D2FCA2198}.Release|Any CPU.Build.0 = Release|Any CPU
		{C0640538-4D3E-427D-B1B7-4B1D2FCA2198}.Release|x64.ActiveCfg = Release|Any CPU
		{C0640538-4D3E-427D-B1B7-4B1D2FCA2198}.Release|x64.Build.0 = Release|Any CPU
		{C0640538-4D3E-427D-B1B7-4B1D2FCA2198}.Release|x86.ActiveCfg = Release|Any CPU
		{C0640538-4D3E-427D-B1B7-4B1D2FCA2198}.Release|x86.Build.0 = Release|Any CPU
		{5ED2B002-AD7D-471E-9E83-27CF39063905}.Debug|Any CPU.ActiveCfg = Debug|Any CPU
		{5ED2B002-AD7D-471E-9E83-27CF39063905}.Debug|Any CPU.Build.0 = Debug|Any CPU
		{5ED2B002-AD7D-471E-9E83-27CF39063905}.Debug|x64.ActiveCfg = Debug|Any CPU
		{5ED2B002-AD7D-471E-9E83-27CF39063905}.Debug|x64.Build.0 = Debug|Any CPU
		{5ED2B002-AD7D-471E-9E83-27CF39063905}.Debug|x86.ActiveCfg = Debug|Any CPU
		{5ED2B002-AD7D-471E-9E83-27CF39063905}.Debug|x86.Build.0 = Debug|Any CPU
		{5ED2B002-AD7D-471E-9E83-27CF39063905}.Release|Any CPU.ActiveCfg = Release|Any CPU
		{5ED2B002-AD7D-471E-9E83-27CF39063905}.Release|Any CPU.Build.0 = Release|Any CPU
		{5ED2B002-AD7D-471E-9E83-27CF39063905}.Release|x64.ActiveCfg = Release|Any CPU
		{5ED2B002-AD7D-471E-9E83-27CF39063905}.Release|x64.Build.0 = Release|Any CPU
		{5ED2B002-AD7D-471E-9E83-27CF39063905}.Release|x86.ActiveCfg = Release|Any CPU
		{5ED2B002-AD7D-471E-9E83-27CF39063905}.Release|x86.Build.0 = Release|Any CPU
	EndGlobalSection
EndGlobal
